{
  "name": "cdm-datav3",
  "version": "0.0.1",
  "lockfileVersion": 1,
  "requires": true,
  "dependencies": {
    "@babel/parser": {
      "version": "7.18.8",
      "resolved": "https://mirrors.huaweicloud.com/repository/npm/@babel/parser/-/parser-7.18.8.tgz",
      "integrity": "sha512-RSKRfYX20dyH+elbJK2uqAkVyucL+xXzhqlMD5/ZXx+dAAwpyB7HsvnHe/ZUGOF+xLr5Wx9/JoXVTj6BQE2/oA=="
    },
    "@nodelib/fs.scandir": {
      "version": "2.1.5",
      "resolved": "https://mirrors.huaweicloud.com/repository/npm/@nodelib/fs.scandir/-/fs.scandir-2.1.5.tgz",
      "integrity": "sha512-vq24Bq3ym5HEQm2NKCr3yXDwjc7vTsEThRDnkp2DK9p1uqLR+DHurm/NOTo0KG7HYHU7eppKZj3MyqYuMBf62g==",
      "dev": true,
      "requires": {
        "@nodelib/fs.stat": "2.0.5",
        "run-parallel": "^1.1.9"
      }
    },
    "@nodelib/fs.stat": {
      "version": "2.0.5",
      "resolved": "https://mirrors.huaweicloud.com/repository/npm/@nodelib/fs.stat/-/fs.stat-2.0.5.tgz",
      "integrity": "sha512-RkhPPp2zrqDAQA/2jNhnztcPAlv64XdhIp7a7454A5ovI7Bukxgt7MX7udwAu3zg1DcpPU0rz3VV1SeaqvY4+A==",
      "dev": true
    },
    "@nodelib/fs.walk": {
      "version": "1.2.8",
      "resolved": "https://mirrors.huaweicloud.com/repository/npm/@nodelib/fs.walk/-/fs.walk-1.2.8.tgz",
      "integrity": "sha512-oGB+UxlgWcgQkgwo8GcEGwemoTFt3FIO9ababBmaGwXIoBKZ+GTy0pP185beGg7Llih/NSHSV2XAs1lnznocSg==",
      "dev": true,
      "requires": {
        "@nodelib/fs.scandir": "2.1.5",
        "fastq": "^1.6.0"
      }
    },
    "@rollup/pluginutils": {
      "version": "4.2.1",
      "resolved": "https://mirrors.huaweicloud.com/repository/npm/@rollup/pluginutils/-/pluginutils-4.2.1.tgz",
      "integrity": "sha512-iKnFXr7NkdZAIHiIWE+BX5ULi/ucVFYWD6TbAV+rZctiRTY2PL6tsIKhoIOaoskiWAkgu+VsbXgUVDNLHf+InQ==",
      "dev": true,
      "requires": {
        "estree-walker": "^2.0.1",
        "picomatch": "^2.2.2"
      }
    },
    "@ts-morph/common": {
      "version": "0.16.0",
      "resolved": "https://mirrors.huaweicloud.com/repository/npm/@ts-morph/common/-/common-0.16.0.tgz",
      "integrity": "sha512-SgJpzkTgZKLKqQniCjLaE3c2L2sdL7UShvmTmPBejAKd2OKV/yfMpQ2IWpAuA+VY5wy7PkSUaEObIqEK6afFuw==",
      "dev": true,
      "requires": {
        "fast-glob": "^3.2.11",
        "minimatch": "^5.1.0",
        "mkdirp": "^1.0.4",
        "path-browserify": "^1.0.1"
      }
    },
    "@types/linkify-it": {
      "version": "3.0.2",
      "resolved": "https://mirrors.huaweicloud.com/repository/npm/@types/linkify-it/-/linkify-it-3.0.2.tgz",
      "integrity": "sha512-HZQYqbiFVWufzCwexrvh694SOim8z2d+xJl5UNamcvQFejLY/2YUtzXHYi3cHdI7PMlS8ejH2slRAOJQ32aNbA==",
      "dev": true
    },
    "@types/markdown-it": {
      "version": "12.2.3",
      "resolved": "https://mirrors.huaweicloud.com/repository/npm/@types/markdown-it/-/markdown-it-12.2.3.tgz",
      "integrity": "sha512-GKMHFfv3458yYy+v/N8gjufHO6MSZKCOXpZc5GXIWWy8uldwfmPn98vp81gZ5f9SVw8YYBctgfJ22a2d7AOMeQ==",
      "dev": true,
      "requires": {
        "@types/linkify-it": "*",
        "@types/mdurl": "*"
      }
    },
    "@types/mdurl": {
      "version": "1.0.2",
      "resolved": "https://mirrors.huaweicloud.com/repository/npm/@types/mdurl/-/mdurl-1.0.2.tgz",
      "integrity": "sha512-eC4U9MlIcu2q0KQmXszyn5Akca/0jrQmwDRgpAMJai7qBWq4amIQhZyNau4VYGtCeALvW1/NtjzJJ567aZxfKA==",
      "dev": true
    },
    "@types/node": {
      "version": "18.0.4",
      "resolved": "https://mirrors.huaweicloud.com/repository/npm/@types/node/-/node-18.0.4.tgz",
      "integrity": "sha512-M0+G6V0Y4YV8cqzHssZpaNCqvYwlCiulmm0PwpNLF55r/+cT8Ol42CHRU1SEaYFH2rTwiiE1aYg/2g2rrtGdPA==",
      "dev": true
    },
    "@types/web-bluetooth": {
      "version": "0.0.14",
      "resolved": "https://mirrors.huaweicloud.com/repository/npm/@types/web-bluetooth/-/web-bluetooth-0.0.14.tgz",
      "integrity": "sha512-5d2RhCard1nQUC3aHcq/gHzWYO6K0WJmAbjO7mQJgCQKtZpgXxv1rOM6O/dBDhDYYVutk1sciOgNSe+5YyfM8A==",
      "dev": true
    },
    "@vitejs/plugin-vue": {
      "version": "3.0.0",
      "resolved": "https://mirrors.huaweicloud.com/repository/npm/@vitejs/plugin-vue/-/plugin-vue-3.0.0.tgz",
      "integrity": "sha512-yWP34ArFh/jAeNUDkkLz/kVRLjf5ppJiq4L36f64Cp6dIrMQeYZGDP9xxdemlXfZR9ylN9JgHUl3GzfqOtgYDg==",
      "dev": true
    },
    "@volar/code-gen": {
      "version": "0.38.5",
      "resolved": "https://mirrors.huaweicloud.com/repository/npm/@volar/code-gen/-/code-gen-0.38.5.tgz",
      "integrity": "sha512-GRGhPKoNtRwZyn9M0b2buobeMR1Aj9zxZI0osanLG9vB9YCnJov1myxKU8EJV5NobpyspLIv1X6/BEHLZNsKig==",
      "dev": true,
      "requires": {
        "@volar/source-map": "0.38.5"
      }
    },
    "@volar/source-map": {
      "version": "0.38.5",
      "resolved": "https://mirrors.huaweicloud.com/repository/npm/@volar/source-map/-/source-map-0.38.5.tgz",
      "integrity": "sha512-TyTLkOtAW/7qnl4Gabt4W4vcKPBPCBdaPLKwkMglKcaX70lPH2CIwZcPMJo6PAilbUVXcuX86xfgdncWDKKaZQ==",
      "dev": true
    },
    "@volar/vue-code-gen": {
      "version": "0.38.5",
      "resolved": "https://mirrors.huaweicloud.com/repository/npm/@volar/vue-code-gen/-/vue-code-gen-0.38.5.tgz",
      "integrity": "sha512-4t2bX2bCmmlyYwPLqfH3AJXj9Km79uRmCy81recc8LB8ZT2Z9hOFNBAnlGNcCeZAtVWtmHVV7sXJtQAJQxkWeg==",
      "dev": true,
      "requires": {
        "@volar/code-gen": "0.38.5",
        "@volar/source-map": "0.38.5",
        "@vue/compiler-core": "^3.2.37",
        "@vue/compiler-dom": "^3.2.37",
        "@vue/shared": "^3.2.37"
      }
    },
    "@volar/vue-typescript": {
      "version": "0.38.5",
      "resolved": "https://mirrors.huaweicloud.com/repository/npm/@volar/vue-typescript/-/vue-typescript-0.38.5.tgz",
      "integrity": "sha512-Gobtg5gxR3bf/l1h300OWCWkvDQnOINgnxkDYiF8qdTBalW6qGsgGmq0uLBBDLaoahrfM7rqNd5QfJwGBgFXZg==",
      "dev": true,
      "requires": {
        "@volar/code-gen": "0.38.5",
        "@volar/source-map": "0.38.5",
        "@volar/vue-code-gen": "0.38.5",
        "@vue/compiler-sfc": "^3.2.37",
        "@vue/reactivity": "^3.2.37"
      }
    },
    "@vue/compiler-core": {
      "version": "3.2.37",
      "resolved": "https://mirrors.huaweicloud.com/repository/npm/@vue/compiler-core/-/compiler-core-3.2.37.tgz",
      "integrity": "sha512-81KhEjo7YAOh0vQJoSmAD68wLfYqJvoiD4ulyedzF+OEk/bk6/hx3fTNVfuzugIIaTrOx4PGx6pAiBRe5e9Zmg==",
      "requires": {
        "@babel/parser": "^7.16.4",
        "@vue/shared": "3.2.37",
        "estree-walker": "^2.0.2",
        "source-map": "^0.6.1"
      }
    },
    "@vue/compiler-dom": {
      "version": "3.2.37",
      "resolved": "https://mirrors.huaweicloud.com/repository/npm/@vue/compiler-dom/-/compiler-dom-3.2.37.tgz",
      "integrity": "sha512-yxJLH167fucHKxaqXpYk7x8z7mMEnXOw3G2q62FTkmsvNxu4FQSu5+3UMb+L7fjKa26DEzhrmCxAgFLLIzVfqQ==",
      "requires": {
        "@vue/compiler-core": "3.2.37",
        "@vue/shared": "3.2.37"
      }
    },
    "@vue/compiler-sfc": {
      "version": "3.2.37",
      "resolved": "https://mirrors.huaweicloud.com/repository/npm/@vue/compiler-sfc/-/compiler-sfc-3.2.37.tgz",
      "integrity": "sha512-+7i/2+9LYlpqDv+KTtWhOZH+pa8/HnX/905MdVmAcI/mPQOBwkHHIzrsEsucyOIZQYMkXUiTkmZq5am/NyXKkg==",
      "requires": {
        "@babel/parser": "^7.16.4",
        "@vue/compiler-core": "3.2.37",
        "@vue/compiler-dom": "3.2.37",
        "@vue/compiler-ssr": "3.2.37",
        "@vue/reactivity-transform": "3.2.37",
        "@vue/shared": "3.2.37",
        "estree-walker": "^2.0.2",
        "magic-string": "^0.25.7",
        "postcss": "^8.1.10",
        "source-map": "^0.6.1"
      }
    },
    "@vue/compiler-ssr": {
      "version": "3.2.37",
      "resolved": "https://mirrors.huaweicloud.com/repository/npm/@vue/compiler-ssr/-/compiler-ssr-3.2.37.tgz",
      "integrity": "sha512-7mQJD7HdXxQjktmsWp/J67lThEIcxLemz1Vb5I6rYJHR5vI+lON3nPGOH3ubmbvYGt8xEUaAr1j7/tIFWiEOqw==",
      "requires": {
        "@vue/compiler-dom": "3.2.37",
        "@vue/shared": "3.2.37"
      }
    },
    "@vue/reactivity": {
      "version": "3.2.37",
      "resolved": "https://mirrors.huaweicloud.com/repository/npm/@vue/reactivity/-/reactivity-3.2.37.tgz",
      "integrity": "sha512-/7WRafBOshOc6m3F7plwzPeCu/RCVv9uMpOwa/5PiY1Zz+WLVRWiy0MYKwmg19KBdGtFWsmZ4cD+LOdVPcs52A==",
      "requires": {
        "@vue/shared": "3.2.37"
      }
    },
    "@vue/reactivity-transform": {
      "version": "3.2.37",
      "resolved": "https://mirrors.huaweicloud.com/repository/npm/@vue/reactivity-transform/-/reactivity-transform-3.2.37.tgz",
      "integrity": "sha512-IWopkKEb+8qpu/1eMKVeXrK0NLw9HicGviJzhJDEyfxTR9e1WtpnnbYkJWurX6WwoFP0sz10xQg8yL8lgskAZg==",
      "requires": {
        "@babel/parser": "^7.16.4",
        "@vue/compiler-core": "3.2.37",
        "@vue/shared": "3.2.37",
        "estree-walker": "^2.0.2",
        "magic-string": "^0.25.7"
      }
    },
    "@vue/runtime-core": {
      "version": "3.2.37",
      "resolved": "https://mirrors.huaweicloud.com/repository/npm/@vue/runtime-core/-/runtime-core-3.2.37.tgz",
      "integrity": "sha512-JPcd9kFyEdXLl/i0ClS7lwgcs0QpUAWj+SKX2ZC3ANKi1U4DOtiEr6cRqFXsPwY5u1L9fAjkinIdB8Rz3FoYNQ==",
      "requires": {
        "@vue/reactivity": "3.2.37",
        "@vue/shared": "3.2.37"
      }
    },
    "@vue/runtime-dom": {
      "version": "3.2.37",
      "resolved": "https://mirrors.huaweicloud.com/repository/npm/@vue/runtime-dom/-/runtime-dom-3.2.37.tgz",
      "integrity": "sha512-HimKdh9BepShW6YozwRKAYjYQWg9mQn63RGEiSswMbW+ssIht1MILYlVGkAGGQbkhSh31PCdoUcfiu4apXJoPw==",
      "requires": {
        "@vue/runtime-core": "3.2.37",
        "@vue/shared": "3.2.37",
        "csstype": "^2.6.8"
      }
    },
    "@vue/server-renderer": {
      "version": "3.2.37",
      "resolved": "https://mirrors.huaweicloud.com/repository/npm/@vue/server-renderer/-/server-renderer-3.2.37.tgz",
      "integrity": "sha512-kLITEJvaYgZQ2h47hIzPh2K3jG8c1zCVbp/o/bzQOyvzaKiCquKS7AaioPI28GNxIsE/zSx+EwWYsNxDCX95MA==",
      "requires": {
        "@vue/compiler-ssr": "3.2.37",
        "@vue/shared": "3.2.37"
      }
    },
    "@vue/shared": {
      "version": "3.2.37",
      "resolved": "https://mirrors.huaweicloud.com/repository/npm/@vue/shared/-/shared-3.2.37.tgz",
      "integrity": "sha512-4rSJemR2NQIo9Klm1vabqWjD8rs/ZaJSzMxkMNeJS6lHiUjjUeYFbooN19NgFjztubEKh3WlZUeOLVdbbUWHsw=="
    },
    "@vueuse/core": {
      "version": "8.9.2",
      "resolved": "https://mirrors.huaweicloud.com/repository/npm/@vueuse/core/-/core-8.9.2.tgz",
      "integrity": "sha512-dE3/JgwqIHmmtmRBdZAnq87rZCSFbYVps2t3gWy9Jv/+Qp6sHSSKuPFtwguJVZ2OnaGnB/AMRmx4CuFRxFin3A==",
      "dev": true,
      "requires": {
        "@types/web-bluetooth": "^0.0.14",
        "@vueuse/metadata": "8.9.2",
        "@vueuse/shared": "8.9.2",
        "vue-demi": "*"
      }
    },
    "@vueuse/metadata": {
      "version": "8.9.2",
      "resolved": "https://mirrors.huaweicloud.com/repository/npm/@vueuse/metadata/-/metadata-8.9.2.tgz",
      "integrity": "sha512-g2s2BeyeEtJElmMFfFPnM+BTvnt0omniyvz8U18/zXDpQIMGozlNQgHoFeratyMfgVBhH/u2VKzmchChtDsgPQ==",
      "dev": true
    },
    "@vueuse/shared": {
      "version": "8.9.2",
      "resolved": "https://mirrors.huaweicloud.com/repository/npm/@vueuse/shared/-/shared-8.9.2.tgz",
      "integrity": "sha512-s4Nk82oheL5z1GywyGnqjob0MzbAt88olMZa0vgt/p3gcMsT8Ff7+SqmNgEFC6AAs6xiuhOAZpnew9Zs3d90yQ==",
      "dev": true,
      "requires": {
        "vue-demi": "*"
      }
    },
    "argparse": {
      "version": "1.0.10",
      "resolved": "https://mirrors.huaweicloud.com/repository/npm/argparse/-/argparse-1.0.10.tgz",
      "integrity": "sha512-o5Roy6tNG4SL/FOkCAN6RzjiakZS25RLYFrcMttJqbdd8BWrnA+fGz57iN5Pb06pvBGvl5gQ0B48dJlslXvoTg==",
      "dev": true,
      "requires": {
        "sprintf-js": "~1.0.2"
      }
    },
    "balanced-match": {
      "version": "1.0.2",
      "resolved": "https://mirrors.huaweicloud.com/repository/npm/balanced-match/-/balanced-match-1.0.2.tgz",
      "integrity": "sha512-3oSeUO0TMV67hN1AmbXsK4yaqU7tjiHlbxRDZOpH0KW9+CeX4bRAaX0Anxt0tx2MrpRpWwQaPwIlISEJhYU5Pw==",
      "dev": true
    },
    "brace-expansion": {
      "version": "2.0.1",
      "resolved": "https://mirrors.huaweicloud.com/repository/npm/brace-expansion/-/brace-expansion-2.0.1.tgz",
      "integrity": "sha512-XnAIvQ8eM+kC6aULx6wuQiwVsnzsi9d3WxzV3FpWTGA19F621kwdbsAcFKXgKUHZWsy+mY6iL1sHTxWEFCytDA==",
      "dev": true,
      "requires": {
        "balanced-match": "^1.0.0"
      }
    },
    "braces": {
      "version": "3.0.2",
      "resolved": "https://mirrors.huaweicloud.com/repository/npm/braces/-/braces-3.0.2.tgz",
      "integrity": "sha512-b8um+L1RzM3WDSzvhm6gIz1yfTbBt6YTlcEKAvsmqCZZFw46z626lVj9j1yEPW33H5H+lBQpZMP1k8l+78Ha0A==",
      "dev": true,
      "requires": {
        "fill-range": "^7.0.1"
      }
    },
    "code-block-writer": {
      "version": "11.0.2",
      "resolved": "https://mirrors.huaweicloud.com/repository/npm/code-block-writer/-/code-block-writer-11.0.2.tgz",
      "integrity": "sha512-goP2FghRVwp940jOvhtUrRDiSVU0h4Ah2jPX1gu2ueGW8boQmdQV4NwiHoM5MQQbUWLQuZopougO8+Ajljgpnw==",
      "dev": true
    },
    "csstype": {
      "version": "2.6.20",
      "resolved": "https://mirrors.huaweicloud.com/repository/npm/csstype/-/csstype-2.6.20.tgz",
      "integrity": "sha512-/WwNkdXfckNgw6S5R125rrW8ez139lBHWouiBvX8dfMFtcn6V81REDqnH7+CRpRipfYlyU1CmOnOxrmGcFOjeA=="
    },
    "esbuild": {
      "version": "0.14.49",
      "resolved": "https://mirrors.huaweicloud.com/repository/npm/esbuild/-/esbuild-0.14.49.tgz",
      "integrity": "sha512-/TlVHhOaq7Yz8N1OJrjqM3Auzo5wjvHFLk+T8pIue+fhnhIMpfAzsG6PLVMbFveVxqD2WOp3QHei+52IMUNmCw==",
      "dev": true,
      "requires": {
        "esbuild-android-64": "0.14.49",
        "esbuild-android-arm64": "0.14.49",
        "esbuild-darwin-64": "0.14.49",
        "esbuild-darwin-arm64": "0.14.49",
        "esbuild-freebsd-64": "0.14.49",
        "esbuild-freebsd-arm64": "0.14.49",
        "esbuild-linux-32": "0.14.49",
        "esbuild-linux-64": "0.14.49",
        "esbuild-linux-arm": "0.14.49",
        "esbuild-linux-arm64": "0.14.49",
        "esbuild-linux-mips64le": "0.14.49",
        "esbuild-linux-ppc64le": "0.14.49",
        "esbuild-linux-riscv64": "0.14.49",
        "esbuild-linux-s390x": "0.14.49",
        "esbuild-netbsd-64": "0.14.49",
        "esbuild-openbsd-64": "0.14.49",
        "esbuild-sunos-64": "0.14.49",
        "esbuild-windows-32": "0.14.49",
        "esbuild-windows-64": "0.14.49",
        "esbuild-windows-arm64": "0.14.49"
      }
    },
    "esbuild-android-64": {
      "version": "0.14.49",
      "resolved": "https://mirrors.huaweicloud.com/repository/npm/esbuild-android-64/-/esbuild-android-64-0.14.49.tgz",
      "integrity": "sha512-vYsdOTD+yi+kquhBiFWl3tyxnj2qZJsl4tAqwhT90ktUdnyTizgle7TjNx6Ar1bN7wcwWqZ9QInfdk2WVagSww==",
      "dev": true,
      "optional": true
    },
    "esbuild-android-arm64": {
      "version": "0.14.49",
      "resolved": "https://mirrors.huaweicloud.com/repository/npm/esbuild-android-arm64/-/esbuild-android-arm64-0.14.49.tgz",
      "integrity": "sha512-g2HGr/hjOXCgSsvQZ1nK4nW/ei8JUx04Li74qub9qWrStlysaVmadRyTVuW32FGIpLQyc5sUjjZopj49eGGM2g==",
      "dev": true,
      "optional": true
    },
    "esbuild-darwin-64": {
      "version": "0.14.49",
      "resolved": "https://mirrors.huaweicloud.com/repository/npm/esbuild-darwin-64/-/esbuild-darwin-64-0.14.49.tgz",
      "integrity": "sha512-3rvqnBCtX9ywso5fCHixt2GBCUsogNp9DjGmvbBohh31Ces34BVzFltMSxJpacNki96+WIcX5s/vum+ckXiLYg==",
      "dev": true,
      "optional": true
    },
    "esbuild-darwin-arm64": {
      "version": "0.14.49",
      "resolved": "https://mirrors.huaweicloud.com/repository/npm/esbuild-darwin-arm64/-/esbuild-darwin-arm64-0.14.49.tgz",
      "integrity": "sha512-XMaqDxO846srnGlUSJnwbijV29MTKUATmOLyQSfswbK/2X5Uv28M9tTLUJcKKxzoo9lnkYPsx2o8EJcTYwCs/A==",
      "dev": true,
      "optional": true
    },
    "esbuild-freebsd-64": {
      "version": "0.14.49",
      "resolved": "https://mirrors.huaweicloud.com/repository/npm/esbuild-freebsd-64/-/esbuild-freebsd-64-0.14.49.tgz",
      "integrity": "sha512-NJ5Q6AjV879mOHFri+5lZLTp5XsO2hQ+KSJYLbfY9DgCu8s6/Zl2prWXVANYTeCDLlrIlNNYw8y34xqyLDKOmQ==",
      "dev": true,
      "optional": true
    },
    "esbuild-freebsd-arm64": {
      "version": "0.14.49",
      "resolved": "https://mirrors.huaweicloud.com/repository/npm/esbuild-freebsd-arm64/-/esbuild-freebsd-arm64-0.14.49.tgz",
      "integrity": "sha512-lFLtgXnAc3eXYqj5koPlBZvEbBSOSUbWO3gyY/0+4lBdRqELyz4bAuamHvmvHW5swJYL7kngzIZw6kdu25KGOA==",
      "dev": true,
      "optional": true
    },
    "esbuild-linux-32": {
      "version": "0.14.49",
      "resolved": "https://mirrors.huaweicloud.com/repository/npm/esbuild-linux-32/-/esbuild-linux-32-0.14.49.tgz",
      "integrity": "sha512-zTTH4gr2Kb8u4QcOpTDVn7Z8q7QEIvFl/+vHrI3cF6XOJS7iEI1FWslTo3uofB2+mn6sIJEQD9PrNZKoAAMDiA==",
      "dev": true,
      "optional": true
    },
    "esbuild-linux-64": {
      "version": "0.14.49",
      "resolved": "https://mirrors.huaweicloud.com/repository/npm/esbuild-linux-64/-/esbuild-linux-64-0.14.49.tgz",
      "integrity": "sha512-hYmzRIDzFfLrB5c1SknkxzM8LdEUOusp6M2TnuQZJLRtxTgyPnZZVtyMeCLki0wKgYPXkFsAVhi8vzo2mBNeTg==",
      "dev": true,
      "optional": true
    },
    "esbuild-linux-arm": {
      "version": "0.14.49",
      "resolved": "https://mirrors.huaweicloud.com/repository/npm/esbuild-linux-arm/-/esbuild-linux-arm-0.14.49.tgz",
      "integrity": "sha512-iE3e+ZVv1Qz1Sy0gifIsarJMQ89Rpm9mtLSRtG3AH0FPgAzQ5Z5oU6vYzhc/3gSPi2UxdCOfRhw2onXuFw/0lg==",
      "dev": true,
      "optional": true
    },
    "esbuild-linux-arm64": {
      "version": "0.14.49",
      "resolved": "https://mirrors.huaweicloud.com/repository/npm/esbuild-linux-arm64/-/esbuild-linux-arm64-0.14.49.tgz",
      "integrity": "sha512-KLQ+WpeuY+7bxukxLz5VgkAAVQxUv67Ft4DmHIPIW+2w3ObBPQhqNoeQUHxopoW/aiOn3m99NSmSV+bs4BSsdA==",
      "dev": true,
      "optional": true
    },
    "esbuild-linux-mips64le": {
      "version": "0.14.49",
      "resolved": "https://mirrors.huaweicloud.com/repository/npm/esbuild-linux-mips64le/-/esbuild-linux-mips64le-0.14.49.tgz",
      "integrity": "sha512-n+rGODfm8RSum5pFIqFQVQpYBw+AztL8s6o9kfx7tjfK0yIGF6tm5HlG6aRjodiiKkH2xAiIM+U4xtQVZYU4rA==",
      "dev": true,
      "optional": true
    },
    "esbuild-linux-ppc64le": {
      "version": "0.14.49",
      "resolved": "https://mirrors.huaweicloud.com/repository/npm/esbuild-linux-ppc64le/-/esbuild-linux-ppc64le-0.14.49.tgz",
      "integrity": "sha512-WP9zR4HX6iCBmMFH+XHHng2LmdoIeUmBpL4aL2TR8ruzXyT4dWrJ5BSbT8iNo6THN8lod6GOmYDLq/dgZLalGw==",
      "dev": true,
      "optional": true
    },
    "esbuild-linux-riscv64": {
      "version": "0.14.49",
      "resolved": "https://mirrors.huaweicloud.com/repository/npm/esbuild-linux-riscv64/-/esbuild-linux-riscv64-0.14.49.tgz",
      "integrity": "sha512-h66ORBz+Dg+1KgLvzTVQEA1LX4XBd1SK0Fgbhhw4akpG/YkN8pS6OzYI/7SGENiN6ao5hETRDSkVcvU9NRtkMQ==",
      "dev": true,
      "optional": true
    },
    "esbuild-linux-s390x": {
      "version": "0.14.49",
      "resolved": "https://mirrors.huaweicloud.com/repository/npm/esbuild-linux-s390x/-/esbuild-linux-s390x-0.14.49.tgz",
      "integrity": "sha512-DhrUoFVWD+XmKO1y7e4kNCqQHPs6twz6VV6Uezl/XHYGzM60rBewBF5jlZjG0nCk5W/Xy6y1xWeopkrhFFM0sQ==",
      "dev": true,
      "optional": true
    },
    "esbuild-netbsd-64": {
      "version": "0.14.49",
      "resolved": "https://mirrors.huaweicloud.com/repository/npm/esbuild-netbsd-64/-/esbuild-netbsd-64-0.14.49.tgz",
      "integrity": "sha512-BXaUwFOfCy2T+hABtiPUIpWjAeWK9P8O41gR4Pg73hpzoygVGnj0nI3YK4SJhe52ELgtdgWP/ckIkbn2XaTxjQ==",
      "dev": true,
      "optional": true
    },
    "esbuild-openbsd-64": {
      "version": "0.14.49",
      "resolved": "https://mirrors.huaweicloud.com/repository/npm/esbuild-openbsd-64/-/esbuild-openbsd-64-0.14.49.tgz",
      "integrity": "sha512-lP06UQeLDGmVPw9Rg437Btu6J9/BmyhdoefnQ4gDEJTtJvKtQaUcOQrhjTq455ouZN4EHFH1h28WOJVANK41kA==",
      "dev": true,
      "optional": true
    },
    "esbuild-sunos-64": {
      "version": "0.14.49",
      "resolved": "https://mirrors.huaweicloud.com/repository/npm/esbuild-sunos-64/-/esbuild-sunos-64-0.14.49.tgz",
      "integrity": "sha512-4c8Zowp+V3zIWje329BeLbGh6XI9c/rqARNaj5yPHdC61pHI9UNdDxT3rePPJeWcEZVKjkiAS6AP6kiITp7FSw==",
      "dev": true,
      "optional": true
    },
    "esbuild-windows-32": {
      "version": "0.14.49",
      "resolved": "https://mirrors.huaweicloud.com/repository/npm/esbuild-windows-32/-/esbuild-windows-32-0.14.49.tgz",
      "integrity": "sha512-q7Rb+J9yHTeKr9QTPDYkqfkEj8/kcKz9lOabDuvEXpXuIcosWCJgo5Z7h/L4r7rbtTH4a8U2FGKb6s1eeOHmJA==",
      "dev": true,
      "optional": true
    },
    "esbuild-windows-64": {
      "version": "0.14.49",
      "resolved": "https://mirrors.huaweicloud.com/repository/npm/esbuild-windows-64/-/esbuild-windows-64-0.14.49.tgz",
      "integrity": "sha512-+Cme7Ongv0UIUTniPqfTX6mJ8Deo7VXw9xN0yJEN1lQMHDppTNmKwAM3oGbD/Vqff+07K2gN0WfNkMohmG+dVw==",
      "dev": true,
      "optional": true
    },
    "esbuild-windows-arm64": {
      "version": "0.14.49",
      "resolved": "https://mirrors.huaweicloud.com/repository/npm/esbuild-windows-arm64/-/esbuild-windows-arm64-0.14.49.tgz",
      "integrity": "sha512-v+HYNAXzuANrCbbLFJ5nmO3m5y2PGZWLe3uloAkLt87aXiO2mZr3BTmacZdjwNkNEHuH3bNtN8cak+mzVjVPfA==",
      "dev": true,
      "optional": true
    },
    "esprima": {
      "version": "4.0.1",
      "resolved": "https://mirrors.huaweicloud.com/repository/npm/esprima/-/esprima-4.0.1.tgz",
      "integrity": "sha512-eGuFFw7Upda+g4p+QHvnW0RyTX/SVeJBDM/gCtMARO0cLuT2HcEKnTPvhjV6aGeqrCB/sbNop0Kszm0jsaWU4A==",
      "dev": true
    },
    "estree-walker": {
      "version": "2.0.2",
      "resolved": "https://mirrors.huaweicloud.com/repository/npm/estree-walker/-/estree-walker-2.0.2.tgz",
      "integrity": "sha512-Rfkk/Mp/DL7JVje3u18FxFujQlTNR2q6QfMSMB7AvCBx91NGj/ba3kCfza0f6dVDbw7YlRf/nDrn7pQrCCyQ/w=="
    },
    "extend-shallow": {
      "version": "2.0.1",
      "resolved": "https://mirrors.huaweicloud.com/repository/npm/extend-shallow/-/extend-shallow-2.0.1.tgz",
      "integrity": "sha512-zCnTtlxNoAiDc3gqY2aYAWFx7XWWiasuF2K8Me5WbN8otHKTUKBwjPtNpRs/rbUZm7KxWAaNj7P1a/p52GbVug==",
      "dev": true,
      "requires": {
        "is-extendable": "^0.1.0"
      }
    },
    "fast-glob": {
      "version": "3.2.11",
      "resolved": "https://mirrors.huaweicloud.com/repository/npm/fast-glob/-/fast-glob-3.2.11.tgz",
      "integrity": "sha512-xrO3+1bxSo3ZVHAnqzyuewYT6aMFHRAd4Kcs92MAonjwQZLsK9d0SF1IyQ3k5PoirxTW0Oe/RqFgMQ6TcNE5Ew==",
      "dev": true,
      "requires": {
        "@nodelib/fs.stat": "^2.0.2",
        "@nodelib/fs.walk": "^1.2.3",
        "glob-parent": "^5.1.2",
        "merge2": "^1.3.0",
        "micromatch": "^4.0.4"
      }
    },
    "fastq": {
      "version": "1.13.0",
      "resolved": "https://mirrors.huaweicloud.com/repository/npm/fastq/-/fastq-1.13.0.tgz",
      "integrity": "sha512-YpkpUnK8od0o1hmeSc7UUs/eB/vIPWJYjKck2QKIzAf71Vm1AAQ3EbuZB3g2JIy+pg+ERD0vqI79KyZiB2e2Nw==",
      "dev": true,
      "requires": {
        "reusify": "^1.0.4"
      }
    },
    "fill-range": {
      "version": "7.0.1",
      "resolved": "https://mirrors.huaweicloud.com/repository/npm/fill-range/-/fill-range-7.0.1.tgz",
      "integrity": "sha512-qOo9F+dMUmC2Lcb4BbVvnKJxTPjCm+RRpe4gDuGrzkL7mEVl/djYSu2OdQ2Pa302N4oqkSg9ir6jaLWJ2USVpQ==",
      "dev": true,
      "requires": {
        "to-regex-range": "^5.0.1"
      }
    },
    "fsevents": {
      "version": "2.3.2",
      "resolved": "https://mirrors.huaweicloud.com/repository/npm/fsevents/-/fsevents-2.3.2.tgz",
      "integrity": "sha512-xiqMQR4xAeHTuB9uWm+fFRcIOgKBMiOBP+eXiyT7jsgVCq1bkVygt00oASowB7EdtpOHaaPgKt812P9ab+DDKA==",
      "dev": true,
      "optional": true
    },
    "function-bind": {
      "version": "1.1.1",
      "resolved": "https://mirrors.huaweicloud.com/repository/npm/function-bind/-/function-bind-1.1.1.tgz",
      "integrity": "sha512-yIovAzMX49sF8Yl58fSCWJ5svSLuaibPxXQJFLmBObTuCr0Mf1KiPopGM9NiFjiYBCbfaa2Fh6breQ6ANVTI0A==",
      "dev": true
    },
    "glob-parent": {
      "version": "5.1.2",
      "resolved": "https://mirrors.huaweicloud.com/repository/npm/glob-parent/-/glob-parent-5.1.2.tgz",
      "integrity": "sha512-AOIgSQCepiJYwP3ARnGx+5VnTu2HBYdzbGP45eLw1vr3zB3vZLeyed1sC9hnbcOc9/SrMyM5RPQrkGz4aS9Zow==",
      "dev": true,
      "requires": {
        "is-glob": "^4.0.1"
      }
    },
    "gray-matter": {
      "version": "4.0.3",
      "resolved": "https://mirrors.huaweicloud.com/repository/npm/gray-matter/-/gray-matter-4.0.3.tgz",
      "integrity": "sha512-5v6yZd4JK3eMI3FqqCouswVqwugaA9r4dNZB1wwcmrD02QkV5H0y7XBQW8QwQqEaZY1pM9aqORSORhJRdNK44Q==",
      "dev": true,
      "requires": {
        "js-yaml": "^3.13.1",
        "kind-of": "^6.0.2",
        "section-matter": "^1.0.0",
        "strip-bom-string": "^1.0.0"
      }
    },
    "has": {
      "version": "1.0.3",
      "resolved": "https://mirrors.huaweicloud.com/repository/npm/has/-/has-1.0.3.tgz",
      "integrity": "sha512-f2dvO0VU6Oej7RkWJGrehjbzMAjFp5/VKPp5tTpWIV4JHHZK1/BxbFRtf/siA2SWTe09caDmVtYYzWEIbBS4zw==",
      "dev": true,
      "requires": {
        "function-bind": "^1.1.1"
      }
    },
    "is-core-module": {
      "version": "2.9.0",
      "resolved": "https://mirrors.huaweicloud.com/repository/npm/is-core-module/-/is-core-module-2.9.0.tgz",
      "integrity": "sha512-+5FPy5PnwmO3lvfMb0AsoPaBG+5KHUI0wYFXOtYPnVVVspTFUuMZNfNaNVRt3FZadstu2c8x23vykRW/NBoU6A==",
      "dev": true,
      "requires": {
        "has": "^1.0.3"
      }
    },
    "is-extendable": {
      "version": "0.1.1",
      "resolved": "https://mirrors.huaweicloud.com/repository/npm/is-extendable/-/is-extendable-0.1.1.tgz",
      "integrity": "sha512-5BMULNob1vgFX6EjQw5izWDxrecWK9AM72rugNr0TFldMOi0fj6Jk+zeKIt0xGj4cEfQIJth4w3OKWOJ4f+AFw==",
      "dev": true
    },
    "is-extglob": {
      "version": "2.1.1",
      "resolved": "https://mirrors.huaweicloud.com/repository/npm/is-extglob/-/is-extglob-2.1.1.tgz",
      "integrity": "sha512-SbKbANkN603Vi4jEZv49LeVJMn4yGwsbzZworEoyEiutsN3nJYdbO36zfhGJ6QEDpOZIFkDtnq5JRxmvl3jsoQ==",
      "dev": true
    },
    "is-glob": {
      "version": "4.0.3",
      "resolved": "https://mirrors.huaweicloud.com/repository/npm/is-glob/-/is-glob-4.0.3.tgz",
      "integrity": "sha512-xelSayHH36ZgE7ZWhli7pW34hNbNl8Ojv5KVmkJD4hBdD3th8Tfk9vYasLM+mXWOZhFkgZfxhLSnrwRr4elSSg==",
      "dev": true,
      "requires": {
        "is-extglob": "^2.1.1"
      }
    },
    "is-number": {
      "version": "7.0.0",
      "resolved": "https://mirrors.huaweicloud.com/repository/npm/is-number/-/is-number-7.0.0.tgz",
      "integrity": "sha512-41Cifkg6e8TylSpdtTpeLVMqvSBEVzTttHvERD741+pnZ8ANv0004MRL43QKPDlK9cGvNp6NZWZUBlbGXYxxng==",
      "dev": true
    },
    "js-yaml": {
      "version": "3.14.1",
      "resolved": "https://mirrors.huaweicloud.com/repository/npm/js-yaml/-/js-yaml-3.14.1.tgz",
      "integrity": "sha512-okMH7OXXJ7YrN9Ok3/SXrnu4iX9yOk+25nqX4imS2npuvTYDmo/QEZoqwZkYaIDk3jVvBOTOIEgEhaLOynBS9g==",
      "dev": true,
      "requires": {
        "argparse": "^1.0.7",
        "esprima": "^4.0.0"
      }
    },
    "kind-of": {
      "version": "6.0.3",
      "resolved": "https://mirrors.huaweicloud.com/repository/npm/kind-of/-/kind-of-6.0.3.tgz",
      "integrity": "sha512-dcS1ul+9tmeD95T+x28/ehLgd9mENa3LsvDTtzm3vyBEO7RPptvAD+t44WVXaUjTBRcrpFeFlC8WCruUR456hw==",
      "dev": true
    },
    "magic-string": {
      "version": "0.25.9",
      "resolved": "https://mirrors.huaweicloud.com/repository/npm/magic-string/-/magic-string-0.25.9.tgz",
      "integrity": "sha512-RmF0AsMzgt25qzqqLc1+MbHmhdx0ojF2Fvs4XnOqz2ZOBXzzkEwc/dJQZCYHAn7v1jbVOjAZfK8msRn4BxO4VQ==",
      "requires": {
        "sourcemap-codec": "^1.4.8"
      }
    },
    "merge2": {
      "version": "1.4.1",
      "resolved": "https://mirrors.huaweicloud.com/repository/npm/merge2/-/merge2-1.4.1.tgz",
      "integrity": "sha512-8q7VEgMJW4J8tcfVPy8g09NcQwZdbwFEqhe/WZkoIzjn/3TGDwtOCYtXGxA3O8tPzpczCCDgv+P2P5y00ZJOOg==",
      "dev": true
    },
    "micromatch": {
      "version": "4.0.5",
      "resolved": "https://mirrors.huaweicloud.com/repository/npm/micromatch/-/micromatch-4.0.5.tgz",
      "integrity": "sha512-DMy+ERcEW2q8Z2Po+WNXuw3c5YaUSFjAO5GsJqfEl7UjvtIuFKO6ZrKvcItdy98dwFI2N1tg3zNIdKaQT+aNdA==",
      "dev": true,
      "requires": {
        "braces": "^3.0.2",
        "picomatch": "^2.3.1"
      }
    },
    "minimatch": {
      "version": "5.1.0",
      "resolved": "https://mirrors.huaweicloud.com/repository/npm/minimatch/-/minimatch-5.1.0.tgz",
      "integrity": "sha512-9TPBGGak4nHfGZsPBohm9AWg6NoT7QTCehS3BIJABslyZbzxfV78QM2Y6+i741OPZIafFAaiiEMh5OyIrJPgtg==",
      "dev": true,
      "requires": {
        "brace-expansion": "^2.0.1"
      }
    },
    "mkdirp": {
      "version": "1.0.4",
      "resolved": "https://mirrors.huaweicloud.com/repository/npm/mkdirp/-/mkdirp-1.0.4.tgz",
      "integrity": "sha512-vVqVZQyf3WLx2Shd0qJ9xuvqgAyKPLAiqITEtqW0oIUjzo3PePDd6fW9iFz30ef7Ysp/oiWqbhszeGWW2T6Gzw==",
      "dev": true
    },
    "nanoid": {
      "version": "3.3.4",
      "resolved": "https://mirrors.huaweicloud.com/repository/npm/nanoid/-/nanoid-3.3.4.tgz",
      "integrity": "sha512-MqBkQh/OHTS2egovRtLk45wEyNXwF+cokD+1YPf9u5VfJiRdAiRwB2froX5Co9Rh20xs4siNPm8naNotSD6RBw=="
    },
    "path-browserify": {
      "version": "1.0.1",
      "resolved": "https://mirrors.huaweicloud.com/repository/npm/path-browserify/-/path-browserify-1.0.1.tgz",
      "integrity": "sha512-b7uo2UCUOYZcnF/3ID0lulOJi/bafxa1xPe7ZPsammBSpjSWQkjNxlt635YGS2MiR9GjvuXCtz2emr3jbsz98g==",
      "dev": true
    },
    "path-parse": {
      "version": "1.0.7",
      "resolved": "https://mirrors.huaweicloud.com/repository/npm/path-parse/-/path-parse-1.0.7.tgz",
      "integrity": "sha512-LDJzPVEEEPR+y48z93A0Ed0yXb8pAByGWo/k5YYdYgpY2/2EsOsksJrq7lOHxryrVOn1ejG6oAp8ahvOIQD8sw==",
      "dev": true
    },
    "picocolors": {
      "version": "1.0.0",
      "resolved": "https://mirrors.huaweicloud.com/repository/npm/picocolors/-/picocolors-1.0.0.tgz",
      "integrity": "sha512-1fygroTLlHu66zi26VoTDv8yRgm0Fccecssto+MhsZ0D/DGW2sm8E8AjW7NU5VVTRt5GxbeZ5qBuJr+HyLYkjQ=="
    },
    "picomatch": {
      "version": "2.3.1",
      "resolved": "https://mirrors.huaweicloud.com/repository/npm/picomatch/-/picomatch-2.3.1.tgz",
      "integrity": "sha512-JU3teHTNjmE2VCGFzuY8EXzCDVwEqB2a8fsIvwaStHhAWJEeVd1o1QD80CU6+ZdEXXSLbSsuLwJjkCBWqRQUVA==",
      "dev": true
    },
    "postcss": {
      "version": "8.4.14",
      "resolved": "https://mirrors.huaweicloud.com/repository/npm/postcss/-/postcss-8.4.14.tgz",
      "integrity": "sha512-E398TUmfAYFPBSdzgeieK2Y1+1cpdxJx8yXbK/m57nRhKSmk1GB2tO4lbLBtlkfPQTDKfe4Xqv1ASWPpayPEig==",
      "requires": {
        "nanoid": "^3.3.4",
        "picocolors": "^1.0.0",
        "source-map-js": "^1.0.2"
      }
    },
    "queue-microtask": {
      "version": "1.2.3",
      "resolved": "https://mirrors.huaweicloud.com/repository/npm/queue-microtask/-/queue-microtask-1.2.3.tgz",
      "integrity": "sha512-NuaNSa6flKT5JaSYQzJok04JzTL1CA6aGhv5rfLW3PgqA+M2ChpZQnAC8h8i4ZFkBS8X5RqkDBHA7r4hej3K9A==",
      "dev": true
    },
    "resolve": {
      "version": "1.22.1",
      "resolved": "https://mirrors.huaweicloud.com/repository/npm/resolve/-/resolve-1.22.1.tgz",
      "integrity": "sha512-nBpuuYuY5jFsli/JIs1oldw6fOQCBioohqWZg/2hiaOybXOft4lonv85uDOKXdf8rhyK159cxU5cDcK/NKk8zw==",
      "dev": true,
      "requires": {
        "is-core-module": "^2.9.0",
        "path-parse": "^1.0.7",
        "supports-preserve-symlinks-flag": "^1.0.0"
      }
    },
    "reusify": {
      "version": "1.0.4",
      "resolved": "https://mirrors.huaweicloud.com/repository/npm/reusify/-/reusify-1.0.4.tgz",
      "integrity": "sha512-U9nH88a3fc/ekCF1l0/UP1IosiuIjyTh7hBvXVMHYgVcfGvt897Xguj2UOLDeI5BG2m7/uwyaLVT6fbtCwTyzw==",
      "dev": true
    },
    "rollup": {
      "version": "2.76.0",
      "resolved": "https://mirrors.huaweicloud.com/repository/npm/rollup/-/rollup-2.76.0.tgz",
      "integrity": "sha512-9jwRIEY1jOzKLj3nsY/yot41r19ITdQrhs+q3ggNWhr9TQgduHqANvPpS32RNpzGklJu3G1AJfvlZLi/6wFgWA==",
      "dev": true,
      "requires": {
        "fsevents": "~2.3.2"
      }
    },
    "run-parallel": {
      "version": "1.2.0",
      "resolved": "https://mirrors.huaweicloud.com/repository/npm/run-parallel/-/run-parallel-1.2.0.tgz",
      "integrity": "sha512-5l4VyZR86LZ/lDxZTR6jqL8AFE2S0IFLMP26AbjsLVADxHdhB/c0GUsH+y39UfCi3dzz8OlQuPmnaJOMoDHQBA==",
      "dev": true,
      "requires": {
        "queue-microtask": "^1.2.2"
      }
    },
    "section-matter": {
      "version": "1.0.0",
      "resolved": "https://mirrors.huaweicloud.com/repository/npm/section-matter/-/section-matter-1.0.0.tgz",
      "integrity": "sha512-vfD3pmTzGpufjScBh50YHKzEu2lxBWhVEHsNGoEXmCmn2hKGfeNLYMzCJpe8cD7gqX7TJluOVpBkAequ6dgMmA==",
      "dev": true,
      "requires": {
        "extend-shallow": "^2.0.1",
        "kind-of": "^6.0.0"
      }
    },
    "source-map": {
      "version": "0.6.1",
      "resolved": "https://mirrors.huaweicloud.com/repository/npm/source-map/-/source-map-0.6.1.tgz",
      "integrity": "sha512-UjgapumWlbMhkBgzT7Ykc5YXUT46F0iKu8SGXq0bcwP5dz/h0Plj6enJqjz1Zbq2l5WaqYnrVbwWOWMyF3F47g=="
    },
    "source-map-js": {
      "version": "1.0.2",
      "resolved": "https://mirrors.huaweicloud.com/repository/npm/source-map-js/-/source-map-js-1.0.2.tgz",
      "integrity": "sha512-R0XvVJ9WusLiqTCEiGCmICCMplcCkIwwR11mOSD9CR5u+IXYdiseeEuXCVAjS54zqwkLcPNnmU4OeJ6tUrWhDw=="
    },
    "sourcemap-codec": {
      "version": "1.4.8",
      "resolved": "https://mirrors.huaweicloud.com/repository/npm/sourcemap-codec/-/sourcemap-codec-1.4.8.tgz",
      "integrity": "sha512-9NykojV5Uih4lgo5So5dtw+f0JgJX30KCNI8gwhz2J9A15wD0Ml6tjHKwf6fTSa6fAdVBdZeNOs9eJ71qCk8vA=="
    },
    "sprintf-js": {
      "version": "1.0.3",
      "resolved": "https://mirrors.huaweicloud.com/repository/npm/sprintf-js/-/sprintf-js-1.0.3.tgz",
      "integrity": "sha512-D9cPgkvLlV3t3IzL0D0YLvGA9Ahk4PcvVwUbN0dSGr1aP0Nrt4AEnTUbuGvquEC0mA64Gqt1fzirlRs5ibXx8g==",
      "dev": true
    },
    "strip-bom-string": {
      "version": "1.0.0",
      "resolved": "https://mirrors.huaweicloud.com/repository/npm/strip-bom-string/-/strip-bom-string-1.0.0.tgz",
      "integrity": "sha512-uCC2VHvQRYu+lMh4My/sFNmF2klFymLX1wHJeXnbEJERpV/ZsVuonzerjfrGpIGF7LBVa1O7i9kjiWvJiFck8g==",
      "dev": true
    },
    "supports-preserve-symlinks-flag": {
      "version": "1.0.0",
      "resolved": "https://mirrors.huaweicloud.com/repository/npm/supports-preserve-symlinks-flag/-/supports-preserve-symlinks-flag-1.0.0.tgz",
      "integrity": "sha512-ot0WnXS9fgdkgIcePe6RHNk1WA8+muPa6cSjeR3V8K27q9BB1rTE3R1p7Hv0z1ZyAc8s6Vvv8DIyWf681MAt0w==",
      "dev": true
    },
    "to-regex-range": {
      "version": "5.0.1",
      "resolved": "https://mirrors.huaweicloud.com/repository/npm/to-regex-range/-/to-regex-range-5.0.1.tgz",
      "integrity": "sha512-65P7iz6X5yEr1cwcgvQxbbIw7Uk3gOy5dIdtZ4rDveLqhrdJP+Li/Hx6tyK0NEb+2GCyneCMJiGqrADCSNk8sQ==",
      "dev": true,
      "requires": {
        "is-number": "^7.0.0"
      }
    },
    "ts-morph": {
      "version": "15.1.0",
      "resolved": "https://mirrors.huaweicloud.com/repository/npm/ts-morph/-/ts-morph-15.1.0.tgz",
      "integrity": "sha512-RBsGE2sDzUXFTnv8Ba22QfeuKbgvAGJFuTN7HfmIRUkgT/NaVLfDM/8OFm2NlFkGlWEXdpW5OaFIp1jvqdDuOg==",
      "dev": true,
      "requires": {
        "@ts-morph/common": "~0.16.0",
        "code-block-writer": "^11.0.0"
      }
    },
    "typescript": {
      "version": "4.7.4",
      "resolved": "https://mirrors.huaweicloud.com/repository/npm/typescript/-/typescript-4.7.4.tgz",
      "integrity": "sha512-C0WQT0gezHuw6AdY1M2jxUO83Rjf0HP7Sk1DtXj6j1EwkQNZrHAg2XPWlq62oqEhYvONq5pkC2Y9oPljWToLmQ==",
      "dev": true
    },
    "vite": {
      "version": "3.0.0",
      "resolved": "https://mirrors.huaweicloud.com/repository/npm/vite/-/vite-3.0.0.tgz",
      "integrity": "sha512-M7phQhY3+fRZa0H+1WzI6N+/onruwPTBTMvaj7TzgZ0v2TE+N2sdLKxJOfOv9CckDWt5C4HmyQP81xB4dwRKzA==",
      "dev": true,
      "requires": {
        "esbuild": "^0.14.47",
        "fsevents": "~2.3.2",
        "postcss": "^8.4.14",
        "resolve": "^1.22.1",
        "rollup": "^2.75.6"
      }
    },
    "vite-plugin-md": {
      "version": "0.18.1",
      "resolved": "https://mirrors.huaweicloud.com/repository/npm/vite-plugin-md/-/vite-plugin-md-0.18.1.tgz",
      "integrity": "sha512-A8uqQV2yO+iKOkvDmbQCj47nKo5z2g6n8mOZLN16fo4kCI8ktW/27MkflzR9KmyZd34IZ5wX8B0PR3UBNlJjqA==",
      "dev": true,
      "requires": {
        "@rollup/pluginutils": "^4.2.1",
        "@types/markdown-it": "^12.2.3",
        "@vitejs/plugin-vue": "^2.3.3",
        "@vue/runtime-core": "^3.2.37",
        "@vueuse/core": "^8.7.5",
        "gray-matter": "^4.0.3",
        "source-map-js": "^1.0.2",
        "ts-morph": "^15.1.0"
      },
      "dependencies": {
        "@vitejs/plugin-vue": {
          "version": "2.3.3",
          "resolved": "https://mirrors.huaweicloud.com/repository/npm/@vitejs/plugin-vue/-/plugin-vue-2.3.3.tgz",
          "integrity": "sha512-SmQLDyhz+6lGJhPELsBdzXGc+AcaT8stgkbiTFGpXPe8Tl1tJaBw1A6pxDqDuRsVkD8uscrkx3hA7QDOoKYtyw==",
          "dev": true
        }
      }
    },
    "vue": {
      "version": "3.2.37",
      "resolved": "https://mirrors.huaweicloud.com/repository/npm/vue/-/vue-3.2.37.tgz",
      "integrity": "sha512-bOKEZxrm8Eh+fveCqS1/NkG/n6aMidsI6hahas7pa0w/l7jkbssJVsRhVDs07IdDq7h9KHswZOgItnwJAgtVtQ==",
      "requires": {
        "@vue/compiler-dom": "3.2.37",
        "@vue/compiler-sfc": "3.2.37",
        "@vue/runtime-dom": "3.2.37",
        "@vue/server-renderer": "3.2.37",
        "@vue/shared": "3.2.37"
      }
    },
    "vue-demi": {
      "version": "0.13.4",
      "resolved": "https://mirrors.huaweicloud.com/repository/npm/vue-demi/-/vue-demi-0.13.4.tgz",
      "integrity": "sha512-KP4lq9uSz0KZbaqCllRhnxMV3mYRsRWJfdsAhZyt5bV5O1RTpoeDptBRV9NOa/JgOpfaA9ane88VF7OjWNK/DA==",
      "dev": true
    },
    "vue-tsc": {
      "version": "0.38.5",
      "resolved": "https://mirrors.huaweicloud.com/repository/npm/vue-tsc/-/vue-tsc-0.38.5.tgz",
      "integrity": "sha512-AFlqvwpENOTTJxS1Gl1uG0ZVsvtGCbgv9d0i4fXk5Pnao/ETVwWewPEsj+4cPlwa5htO9WhK6qfWwoqcCqg0yQ==",
      "dev": true,
      "requires": {
        "@volar/vue-typescript": "0.38.5"
      }
    }
  }
}
